
Microsoft Visual Studio Solution File, Format Version 12.00
# Visual Studio Version 16
VisualStudioVersion = 25.0.1700.0
MinimumVisualStudioVersion = 10.0.40219.1
Project("{FAE04EC0-301F-11D3-BF4B-00C04F79EFBC}") = "CodeTimer", "CodeTimer.csproj", "{A6B04290-018B-4713-9936-098C934A70ED}"
EndProject
Global
	GlobalSection(SolutionConfigurationPlatforms) = preSolution
		Debug|Any CPU = Debug|Any CPU
		Release|Any CPU = Release|Any CPU
		Mixed|Any CPU = Mixed|Any CPU
	EndGlobalSection
	GlobalSection(ProjectConfigurationPlatforms) = postSolution
		{A6B04290-018B-4713-9936-098C934A70ED}.Debug|Any CPU.ActiveCfg = Debug|Any CPU
		{A6B04290-018B-4713-9936-098C934A70ED}.Debug|Any CPU.Build.0 = Debug|Any CPU
		{A6B04290-018B-4713-9936-098C934A70ED}.Release|Any CPU.ActiveCfg = Release|Any CPU
		{A6B04290-018B-4713-9936-098C934A70ED}.Release|Any CPU.Build.0 = Release|Any CPU
		{A6B04290-018B-4713-9936-098C934A70ED}.Mixed|Any CPU.ActiveCfg = Debug|Any CPU
		{A6B04290-018B-4713-9936-098C934A70ED}.Mixed|Any CPU.Build.0 = Debug|Any CPU
	EndGlobalSection
	GlobalSection(SolutionProperties) = preSolution
		HideSolutionNode = FALSE
	EndGlobalSection
	GlobalSection(ExtensibilityGlobals) = postSolution
		SolutionGuid = {437D5DC0-B2D3-4A90-8D33-D9AB3D2BD0EB}
	EndGlobalSection
EndGlobal
